
Microsoft Visual Studio Solution File, Format Version 12.00
# Visual Studio Version 16
VisualStudioVersion = 16.0.31729.503
MinimumVisualStudioVersion = 10.0.40219.1
Project("{FAE04EC0-301F-11D3-BF4B-00C04F79EFBC}") = "ConsoleApp2", "ConsoleApp2\ConsoleApp2.csproj", "{B5F2635A-AC26-4A43-AB63-E6ADCA20AD4E}"
EndProject
Global
	GlobalSection(SolutionConfigurationPlatforms) = preSolution
		Debug|Any CPU = Debug|Any CPU
		Release|Any CPU = Release|Any CPU
	EndGlobalSection
	GlobalSection(ProjectConfigurationPlatforms) = postSolution
		{B5F2635A-AC26-4A43-AB63-E6ADCA20AD4E}.Debug|Any CPU.ActiveCfg = Debug|Any CPU
		{B5F2635A-AC26-4A43-AB63-E6ADCA20AD4E}.Debug|Any CPU.Build.0 = Debug|Any CPU
		{B5F2635A-AC26-4A43-AB63-E6ADCA20AD4E}.Release|Any CPU.ActiveCfg = Release|Any CPU
		{B5F2635A-AC26-4A43-AB63-E6ADCA20AD4E}.Release|Any CPU.Build.0 = Release|Any CPU
	EndGlobalSection
	GlobalSection(SolutionProperties) = preSolution
		HideSolutionNode = FALSE
	EndGlobalSection
	GlobalSection(ExtensibilityGlobals) = postSolution
		SolutionGuid = {BB2BBED6-2769-43D3-BDC2-A62E947D9475}
	EndGlobalSection
EndGlobal
