
Microsoft Visual Studio Solution File, Format Version 12.00
# Visual Studio Version 16
VisualStudioVersion = 16.0.31729.503
MinimumVisualStudioVersion = 10.0.40219.1
Project("{FAE04EC0-301F-11D3-BF4B-00C04F79EFBC}") = "ConsoleApp18", "ConsoleApp18\ConsoleApp18.csproj", "{37DDD565-0258-497B-B1C2-82D5A9294489}"
EndProject
Global
	GlobalSection(SolutionConfigurationPlatforms) = preSolution
		Debug|Any CPU = Debug|Any CPU
		Release|Any CPU = Release|Any CPU
	EndGlobalSection
	GlobalSection(ProjectConfigurationPlatforms) = postSolution
		{37DDD565-0258-497B-B1C2-82D5A9294489}.Debug|Any CPU.ActiveCfg = Debug|Any CPU
		{37DDD565-0258-497B-B1C2-82D5A9294489}.Debug|Any CPU.Build.0 = Debug|Any CPU
		{37DDD565-0258-497B-B1C2-82D5A9294489}.Release|Any CPU.ActiveCfg = Release|Any CPU
		{37DDD565-0258-497B-B1C2-82D5A9294489}.Release|Any CPU.Build.0 = Release|Any CPU
	EndGlobalSection
	GlobalSection(SolutionProperties) = preSolution
		HideSolutionNode = FALSE
	EndGlobalSection
	GlobalSection(ExtensibilityGlobals) = postSolution
		SolutionGuid = {ED10C5CF-B3EE-4D92-BCE3-FD384D2C71F4}
	EndGlobalSection
EndGlobal
