
Microsoft Visual Studio Solution File, Format Version 12.00
# Visual Studio Version 16
VisualStudioVersion = 16.0.31729.503
MinimumVisualStudioVersion = 10.0.40219.1
Project("{FAE04EC0-301F-11D3-BF4B-00C04F79EFBC}") = "ConsoleApp21", "ConsoleApp21\ConsoleApp21.csproj", "{584BA7A0-DE33-40E1-BF85-D71420F1D3C6}"
EndProject
Global
	GlobalSection(SolutionConfigurationPlatforms) = preSolution
		Debug|Any CPU = Debug|Any CPU
		Release|Any CPU = Release|Any CPU
	EndGlobalSection
	GlobalSection(ProjectConfigurationPlatforms) = postSolution
		{584BA7A0-DE33-40E1-BF85-D71420F1D3C6}.Debug|Any CPU.ActiveCfg = Debug|Any CPU
		{584BA7A0-DE33-40E1-BF85-D71420F1D3C6}.Debug|Any CPU.Build.0 = Debug|Any CPU
		{584BA7A0-DE33-40E1-BF85-D71420F1D3C6}.Release|Any CPU.ActiveCfg = Release|Any CPU
		{584BA7A0-DE33-40E1-BF85-D71420F1D3C6}.Release|Any CPU.Build.0 = Release|Any CPU
	EndGlobalSection
	GlobalSection(SolutionProperties) = preSolution
		HideSolutionNode = FALSE
	EndGlobalSection
	GlobalSection(ExtensibilityGlobals) = postSolution
		SolutionGuid = {BDF688F8-AA9C-458F-9260-794EE8ECE20D}
	EndGlobalSection
EndGlobal
