
Microsoft Visual Studio Solution File, Format Version 12.00
# Visual Studio Version 16
VisualStudioVersion = 16.0.31729.503
MinimumVisualStudioVersion = 10.0.40219.1
Project("{FAE04EC0-301F-11D3-BF4B-00C04F79EFBC}") = "ConsoleApp4", "ConsoleApp4\ConsoleApp4.csproj", "{8A9B67FB-140A-4935-953D-29C829CCD619}"
EndProject
Global
	GlobalSection(SolutionConfigurationPlatforms) = preSolution
		Debug|Any CPU = Debug|Any CPU
		Release|Any CPU = Release|Any CPU
	EndGlobalSection
	GlobalSection(ProjectConfigurationPlatforms) = postSolution
		{8A9B67FB-140A-4935-953D-29C829CCD619}.Debug|Any CPU.ActiveCfg = Debug|Any CPU
		{8A9B67FB-140A-4935-953D-29C829CCD619}.Debug|Any CPU.Build.0 = Debug|Any CPU
		{8A9B67FB-140A-4935-953D-29C829CCD619}.Release|Any CPU.ActiveCfg = Release|Any CPU
		{8A9B67FB-140A-4935-953D-29C829CCD619}.Release|Any CPU.Build.0 = Release|Any CPU
	EndGlobalSection
	GlobalSection(SolutionProperties) = preSolution
		HideSolutionNode = FALSE
	EndGlobalSection
	GlobalSection(ExtensibilityGlobals) = postSolution
		SolutionGuid = {35DBF338-0F0E-4A2B-826D-32651F49A0D0}
	EndGlobalSection
EndGlobal
